// !$*UTF8*$!
{
	archiveVersion = 1;
	classes = {
	};
	objectVersion = 46;
	objects = {

/* Begin PBXBuildFile section */
		A4EA7F23179297280057E384 /* Foundation.framework in Frameworks */ = {isa = PBXBuildFile; fileRef = A4EA7F22179297280057E384 /* Foundation.framework */; };
		A4EA7F26179297280057E384 /* main.m in Sources */ = {isa = PBXBuildFile; fileRef = A4EA7F25179297280057E384 /* main.m */; };
		A4EA7F2A179297280057E384 /* DelegateDemo.1 in CopyFiles */ = {isa = PBXBuildFile; fileRef = A4EA7F29179297280057E384 /* DelegateDemo.1 */; };
		A4EA7F321792974E0057E384 /* Person.m in Sources */ = {isa = PBXBuildFile; fileRef = A4EA7F311792974E0057E384 /* Person.m */; };
		A4EA7F351792984D0057E384 /* Agent.m in Sources */ = {isa = PBXBuildFile; fileRef = A4EA7F341792984D0057E384 /* Agent.m */; };
/* End PBXBuildFile section */

/* Begin PBXCopyFilesBuildPhase section */
		A4EA7F1D179297280057E384 /* CopyFiles */ = {
			isa = PBXCopyFilesBuildPhase;
			buildActionMask = 2147483647;
			dstPath = /usr/share/man/man1/;
			dstSubfolderSpec = 0;
			files = (
				A4EA7F2A179297280057E384 /* DelegateDemo.1 in CopyFiles */,
			);
			runOnlyForDeploymentPostprocessing = 1;
		};
/* End PBXCopyFilesBuildPhase section */

/* Begin PBXFileReference section */
		A4EA7F1F179297280057E384 /* DelegateDemo */ = {isa = PBXFileReference; explicitFileType = "compiled.mach-o.executable"; includeInIndex = 0; path = DelegateDemo; sourceTree = BUILT_PRODUCTS_DIR; };
		A4EA7F22179297280057E384 /* Foundation.framework */ = {isa = PBXFileReference; lastKnownFileType = wrapper.framework; name = Foundation.framework; path = System/Library/Frameworks/Foundation.framework; sourceTree = SDKROOT; };
		A4EA7F25179297280057E384 /* main.m */ = {isa = PBXFileReference; lastKnownFileType = sourcecode.c.objc; path = main.m; sourceTree = "<group>"; };
		A4EA7F28179297280057E384 /* DelegateDemo-Prefix.pch */ = {isa = PBXFileReference; lastKnownFileType = sourcecode.c.h; path = "DelegateDemo-Prefix.pch"; sourceTree = "<group>"; };
		A4EA7F29179297280057E384 /* DelegateDemo.1 */ = {isa = PBXFileReference; lastKnownFileType = text.man; path = DelegateDemo.1; sourceTree = "<group>"; };
		A4EA7F301792974E0057E384 /* Person.h */ = {isa = PBXFileReference; fileEncoding = 4; lastKnownFileType = sourcecode.c.h; path = Person.h; sourceTree = "<group>"; };
		A4EA7F311792974E0057E384 /* Person.m */ = {isa = PBXFileReference; fileEncoding = 4; lastKnownFileType = sourcecode.c.objc; path = Person.m; sourceTree = "<group>"; };
		A4EA7F331792984D0057E384 /* Agent.h */ = {isa = PBXFileReference; fileEncoding = 4; lastKnownFileType = sourcecode.c.h; path = Agent.h; sourceTree = "<group>"; };
		A4EA7F341792984D0057E384 /* Agent.m */ = {isa = PBXFileReference; fileEncoding = 4; lastKnownFileType = sourcecode.c.objc; path = Agent.m; sourceTree = "<group>"; };
		A4EA7F36179298700057E384 /* FindApartment.h */ = {isa = PBXFileReference; fileEncoding = 4; lastKnownFileType = sourcecode.c.h; path = FindApartment.h; sourceTree = "<group>"; };
/* End PBXFileReference section */

/* Begin PBXFrameworksBuildPhase section */
		A4EA7F1C179297280057E384 /* Frameworks */ = {
			isa = PBXFrameworksBuildPhase;
			buildActionMask = 2147483647;
			files = (
				A4EA7F23179297280057E384 /* Foundation.framework in Frameworks */,
			);
			runOnlyForDeploymentPostprocessing = 0;
		};
/* End PBXFrameworksBuildPhase section */

/* Begin PBXGroup section */
		A4EA7F16179297280057E384 = {
			isa = PBXGroup;
			children = (
				A4EA7F24179297280057E384 /* DelegateDemo */,
				A4EA7F21179297280057E384 /* Frameworks */,
				A4EA7F20179297280057E384 /* Products */,
			);
			sourceTree = "<group>";
		};
		A4EA7F20179297280057E384 /* Products */ = {
			isa = PBXGroup;
			children = (
				A4EA7F1F179297280057E384 /* DelegateDemo */,
			);
			name = Products;
			sourceTree = "<group>";
		};
		A4EA7F21179297280057E384 /* Frameworks */ = {
			isa = PBXGroup;
			children = (
				A4EA7F22179297280057E384 /* Foundation.framework */,
			);
			name = Frameworks;
			sourceTree = "<group>";
		};
		A4EA7F24179297280057E384 /* DelegateDemo */ = {
			isa = PBXGroup;
			children = (
				A4EA7F25179297280057E384 /* main.m */,
				A4EA7F301792974E0057E384 /* Person.h */,
				A4EA7F311792974E0057E384 /* Person.m */,
				A4EA7F331792984D0057E384 /* Agent.h */,
				A4EA7F341792984D0057E384 /* Agent.m */,
				A4EA7F36179298700057E384 /* FindApartment.h */,
				A4EA7F29179297280057E384 /* DelegateDemo.1 */,
				A4EA7F27179297280057E384 /* Supporting Files */,
			);
			path = DelegateDemo;
			sourceTree = "<group>";
		};
		A4EA7F27179297280057E384 /* Supporting Files */ = {
			isa = PBXGroup;
			children = (
				A4EA7F28179297280057E384 /* DelegateDemo-Prefix.pch */,
			);
			name = "Supporting Files";
			sourceTree = "<group>";
		};
/* End PBXGroup section */

/* Begin PBXNativeTarget section */
		A4EA7F1E179297280057E384 /* DelegateDemo */ = {
			isa = PBXNativeTarget;
			buildConfigurationList = A4EA7F2D179297280057E384 /* Build configuration list for PBXNativeTarget "DelegateDemo" */;
			buildPhases = (
				A4EA7F1B179297280057E384 /* Sources */,
				A4EA7F1C179297280057E384 /* Frameworks */,
				A4EA7F1D179297280057E384 /* CopyFiles */,
			);
			buildRules = (
			);
			dependencies = (
			);
			name = DelegateDemo;
			productName = DelegateDemo;
			productReference = A4EA7F1F179297280057E384 /* DelegateDemo */;
			productType = "com.apple.product-type.tool";
		};
/* End PBXNativeTarget section */

/* Begin PBXProject section */
		A4EA7F17179297280057E384 /* Project object */ = {
			isa = PBXProject;
			attributes = {
				LastUpgradeCheck = 0460;
				ORGANIZATIONNAME = "panda zheng";
			};
			buildConfigurationList = A4EA7F1A179297280057E384 /* Build configuration list for PBXProject "DelegateDemo" */;
			compatibilityVersion = "Xcode 3.2";
			developmentRegion = English;
			hasScannedForEncodings = 0;
			knownRegions = (
				en,
			);
			mainGroup = A4EA7F16179297280057E384;
			productRefGroup = A4EA7F20179297280057E384 /* Products */;
			projectDirPath = "";
			projectRoot = "";
			targets = (
				A4EA7F1E179297280057E384 /* DelegateDemo */,
			);
		};
/* End PBXProject section */

/* Begin PBXSourcesBuildPhase section */
		A4EA7F1B179297280057E384 /* Sources */ = {
			isa = PBXSourcesBuildPhase;
			buildActionMask = 2147483647;
			files = (
				A4EA7F26179297280057E384 /* main.m in Sources */,
				A4EA7F321792974E0057E384 /* Person.m in Sources */,
				A4EA7F351792984D0057E384 /* Agent.m in Sources */,
			);
			runOnlyForDeploymentPostprocessing = 0;
		};
/* End PBXSourcesBuildPhase section */

/* Begin XCBuildConfiguration section */
		A4EA7F2B179297280057E384 /* Debug */ = {
			isa = XCBuildConfiguration;
			buildSettings = {
				ALWAYS_SEARCH_USER_PATHS = NO;
				ARCHS = "$(ARCHS_STANDARD_64_BIT)";
				CLANG_CXX_LANGUAGE_STANDARD = "gnu++0x";
				CLANG_CXX_LIBRARY = "libc++";
				CLANG_WARN_CONSTANT_CONVERSION = YES;
				CLANG_WARN_EMPTY_BODY = YES;
				CLANG_WARN_ENUM_CONVERSION = YES;
				CLANG_WARN_INT_CONVERSION = YES;
				CLANG_WARN__DUPLICATE_METHOD_MATCH = YES;
				COPY_PHASE_STRIP = NO;
				GCC_C_LANGUAGE_STANDARD = gnu99;
				GCC_DYNAMIC_NO_PIC = NO;
				GCC_ENABLE_OBJC_EXCEPTIONS = YES;
				GCC_OPTIMIZATION_LEVEL = 0;
				GCC_PREPROCESSOR_DEFINITIONS = (
					"DEBUG=1",
					"$(inherited)",
				);
				GCC_SYMBOLS_PRIVATE_EXTERN = NO;
				GCC_WARN_64_TO_32_BIT_CONVERSION = YES;
				GCC_WARN_ABOUT_RETURN_TYPE = YES;
				GCC_WARN_UNINITIALIZED_AUTOS = YES;
				GCC_WARN_UNUSED_VARIABLE = YES;
				MACOSX_DEPLOYMENT_TARGET = 10.8;
				ONLY_ACTIVE_ARCH = YES;
				SDKROOT = macosx;
			};
			name = Debug;
		};
		A4EA7F2C179297280057E384 /* Release */ = {
			isa = XCBuildConfiguration;
			buildSettings = {
				ALWAYS_SEARCH_USER_PATHS = NO;
				ARCHS = "$(ARCHS_STANDARD_64_BIT)";
				CLANG_CXX_LANGUAGE_STANDARD = "gnu++0x";
				CLANG_CXX_LIBRARY = "libc++";
				CLANG_WARN_CONSTANT_CONVERSION = YES;
				CLANG_WARN_EMPTY_BODY = YES;
				CLANG_WARN_ENUM_CONVERSION = YES;
				CLANG_WARN_INT_CONVERSION = YES;
				CLANG_WARN__DUPLICATE_METHOD_MATCH = YES;
				COPY_PHASE_STRIP = YES;
				DEBUG_INFORMATION_FORMAT = "dwarf-with-dsym";
				GCC_C_LANGUAGE_STANDARD = gnu99;
				GCC_ENABLE_OBJC_EXCEPTIONS = YES;
				GCC_WARN_64_TO_32_BIT_CONVERSION = YES;
				GCC_WARN_ABOUT_RETURN_TYPE = YES;
				GCC_WARN_UNINITIALIZED_AUTOS = YES;
				GCC_WARN_UNUSED_VARIABLE = YES;
				MACOSX_DEPLOYMENT_TARGET = 10.8;
				SDKROOT = macosx;
			};
			name = Release;
		};
		A4EA7F2E179297280057E384 /* Debug */ = {
			isa = XCBuildConfiguration;
			buildSettings = {
				GCC_PRECOMPILE_PREFIX_HEADER = YES;
				GCC_PREFIX_HEADER = "DelegateDemo/DelegateDemo-Prefix.pch";
				PRODUCT_NAME = "$(TARGET_NAME)";
			};
			name = Debug;
		};
		A4EA7F2F179297280057E384 /* Release */ = {
			isa = XCBuildConfiguration;
			buildSettings = {
				GCC_PRECOMPILE_PREFIX_HEADER = YES;
				GCC_PREFIX_HEADER = "DelegateDemo/DelegateDemo-Prefix.pch";
				PRODUCT_NAME = "$(TARGET_NAME)";
			};
			name = Release;
		};
/* End XCBuildConfiguration section */

/* Begin XCConfigurationList section */
		A4EA7F1A179297280057E384 /* Build configuration list for PBXProject "DelegateDemo" */ = {
			isa = XCConfigurationList;
			buildConfigurations = (
				A4EA7F2B179297280057E384 /* Debug */,
				A4EA7F2C179297280057E384 /* Release */,
			);
			defaultConfigurationIsVisible = 0;
			defaultConfigurationName = Release;
		};
		A4EA7F2D179297280057E384 /* Build configuration list for PBXNativeTarget "DelegateDemo" */ = {
			isa = XCConfigurationList;
			buildConfigurations = (
				A4EA7F2E179297280057E384 /* Debug */,
				A4EA7F2F179297280057E384 /* Release */,
			);
			defaultConfigurationIsVisible = 0;
		};
/* End XCConfigurationList section */
	};
	rootObject = A4EA7F17179297280057E384 /* Project object */;
}
